
Microsoft Visual Studio Solution File, Format Version 12.00
# Visual Studio Version 17
VisualStudioVersion = 17.0.31903.59
MinimumVisualStudioVersion = 10.0.40219.1
Project("{FAE04EC0-301F-11D3-BF4B-00C04F79EFBC}") = "API", "API\API.csproj", "{23376408-502D-4AD7-AA68-E31C114CD983}"
EndProject
Project("{FAE04EC0-301F-11D3-BF4B-00C04F79EFBC}") = "Application", "Application\Application.csproj", "{3BB63F43-4C7F-47C5-87C9-01128EC72943}"
EndProject
Project("{FAE04EC0-301F-11D3-BF4B-00C04F79EFBC}") = "Domain", "Domain\Domain.csproj", "{12A06F4A-A0A3-4070-8EB2-AC9CA7161605}"
EndProject
Project("{FAE04EC0-301F-11D3-BF4B-00C04F79EFBC}") = "Persistence", "Persistence\Persistence.csproj", "{910420D6-4CEC-460F-8CE7-1B9365DF02E7}"
EndProject
Global
	GlobalSection(SolutionConfigurationPlatforms) = preSolution
		Debug|Any CPU = Debug|Any CPU
		Release|Any CPU = Release|Any CPU
	EndGlobalSection
	GlobalSection(SolutionProperties) = preSolution
		HideSolutionNode = FALSE
	EndGlobalSection
	GlobalSection(ProjectConfigurationPlatforms) = postSolution
		{23376408-502D-4AD7-AA68-E31C114CD983}.Debug|Any CPU.ActiveCfg = Debug|Any CPU
		{23376408-502D-4AD7-AA68-E31C114CD983}.Debug|Any CPU.Build.0 = Debug|Any CPU
		{23376408-502D-4AD7-AA68-E31C114CD983}.Release|Any CPU.ActiveCfg = Release|Any CPU
		{23376408-502D-4AD7-AA68-E31C114CD983}.Release|Any CPU.Build.0 = Release|Any CPU
		{3BB63F43-4C7F-47C5-87C9-01128EC72943}.Debug|Any CPU.ActiveCfg = Debug|Any CPU
		{3BB63F43-4C7F-47C5-87C9-01128EC72943}.Debug|Any CPU.Build.0 = Debug|Any CPU
		{3BB63F43-4C7F-47C5-87C9-01128EC72943}.Release|Any CPU.ActiveCfg = Release|Any CPU
		{3BB63F43-4C7F-47C5-87C9-01128EC72943}.Release|Any CPU.Build.0 = Release|Any CPU
		{12A06F4A-A0A3-4070-8EB2-AC9CA7161605}.Debug|Any CPU.ActiveCfg = Debug|Any CPU
		{12A06F4A-A0A3-4070-8EB2-AC9CA7161605}.Debug|Any CPU.Build.0 = Debug|Any CPU
		{12A06F4A-A0A3-4070-8EB2-AC9CA7161605}.Release|Any CPU.ActiveCfg = Release|Any CPU
		{12A06F4A-A0A3-4070-8EB2-AC9CA7161605}.Release|Any CPU.Build.0 = Release|Any CPU
		{910420D6-4CEC-460F-8CE7-1B9365DF02E7}.Debug|Any CPU.ActiveCfg = Debug|Any CPU
		{910420D6-4CEC-460F-8CE7-1B9365DF02E7}.Debug|Any CPU.Build.0 = Debug|Any CPU
		{910420D6-4CEC-460F-8CE7-1B9365DF02E7}.Release|Any CPU.ActiveCfg = Release|Any CPU
		{910420D6-4CEC-460F-8CE7-1B9365DF02E7}.Release|Any CPU.Build.0 = Release|Any CPU
	EndGlobalSection
EndGlobal
